# This file is generated by running "yarn install" inside your project.
# Manual changes might be lost - proceed with caution!

__metadata:
  version: 4

"@douglasduteil/todolist.docs.cli@workspace:.":
  version: 0.0.0-use.local
  resolution: "@douglasduteil/todolist.docs.cli@workspace:."
  dependencies:
    "@douglasduteil/todolist.framework.e2e": "link:../framework/e2e"
  languageName: unknown
  linkType: soft

"@douglasduteil/todolist.framework.e2e@link:../framework/e2e::locator=%40douglasduteil%2Ftodolist.docs.cli%40workspace%3A.":
  version: 0.0.0-use.local
  resolution: "@douglasduteil/todolist.framework.e2e@link:../framework/e2e::locator=%40douglasduteil%2Ftodolist.docs.cli%40workspace%3A."
  languageName: node
  linkType: soft
